dependencies:
- name: keycloak
  repository: file://charts/keycloak
  version: 1.0.0
- name: front
  repository: file://charts/front
  version: 1.0.0
- name: postgres
  repository: file://charts/postgres
  version: 1.0.0
- name: account-service
  repository: file://charts/account-service
  version: 1.0.0
- name: exchange-service
  repository: file://charts/exchange-service
  version: 1.0.0
- name: exchange-generator
  repository: file://charts/exchange-generator
  version: 1.0.0
- name: mailhog
  repository: file://charts/mailhog
  version: 1.0.0
- name: notification-service
  repository: file://charts/notification-service
  version: 1.0.0
- name: block-service
  repository: file://charts/block-service
  version: 1.0.0
- name: cash-service
  repository: file://charts/cash-service
  version: 1.0.0
- name: transfer-service
  repository: file://charts/transfer-service
  version: 1.0.0
- name: kafka
  repository: file://charts/kafka
  version: 1.0.0
digest: sha256:c721324eb49c8b3214df8ca3c523affaabc7d8493d62d3234031b4f1fe61c27c
generated: "2025-09-03T23:05:22.7776522+03:00"
