dependencies:
- name: keycloak
  repository: file://charts/keycloak
  version: 1.0.0
- name: front
  repository: file://charts/front
  version: 1.0.0
- name: postgres
  repository: file://charts/postgres
  version: 1.0.0
- name: account-service
  repository: file://charts/account-service
  version: 1.0.0
digest: sha256:330b702e24b5c8d9b1f7562b7c2d6113a9c186ce69fc9a8ae9c0903a6b693cea
generated: "2025-07-25T00:45:04.6254788+03:00"
