dependencies:
- name: keycloak
  repository: file://charts/keycloak
  version: 1.0.0
- name: front
  repository: file://charts/front
  version: 1.0.0
- name: postgres
  repository: file://charts/postgres
  version: 1.0.0
- name: account-service
  repository: file://charts/account-service
  version: 1.0.0
- name: exchange-service
  repository: file://charts/exchange-service
  version: 1.0.0
- name: exchange-generator
  repository: file://charts/exchange-generator
  version: 1.0.0
- name: mailhog
  repository: file://charts/mailhog
  version: 1.0.0
- name: notification-service
  repository: file://charts/notification-service
  version: 1.0.0
- name: block-service
  repository: file://charts/block-service
  version: 1.0.0
- name: cash-service
  repository: file://charts/cash-service
  version: 1.0.0
- name: transfer-service
  repository: file://charts/transfer-service
  version: 1.0.0
digest: sha256:16cea674caf3969c75259ff511cfd26f6ebec5547c580e0146007f64b3ad6589
generated: "2025-07-27T19:50:59.3247049+03:00"
